
Microsoft Visual Studio Solution File, Format Version 12.00
# Visual Studio Version 16
VisualStudioVersion = 16.0.29519.181
MinimumVisualStudioVersion = 10.0.40219.1
Project("{FAE04EC0-301F-11D3-BF4B-00C04F79EFBC}") = "CodeFirstNorthwind", "CodeFirstNorthwind\CodeFirstNorthwind.csproj", "{7C0F6531-A307-4672-A7CE-6777CADA337E}"
EndProject
Global
	GlobalSection(SolutionConfigurationPlatforms) = preSolution
		Debug|Any CPU = Debug|Any CPU
		Release|Any CPU = Release|Any CPU
	EndGlobalSection
	GlobalSection(ProjectConfigurationPlatforms) = postSolution
		{7C0F6531-A307-4672-A7CE-6777CADA337E}.Debug|Any CPU.ActiveCfg = Debug|Any CPU
		{7C0F6531-A307-4672-A7CE-6777CADA337E}.Debug|Any CPU.Build.0 = Debug|Any CPU
		{7C0F6531-A307-4672-A7CE-6777CADA337E}.Release|Any CPU.ActiveCfg = Release|Any CPU
		{7C0F6531-A307-4672-A7CE-6777CADA337E}.Release|Any CPU.Build.0 = Release|Any CPU
	EndGlobalSection
	GlobalSection(SolutionProperties) = preSolution
		HideSolutionNode = FALSE
	EndGlobalSection
	GlobalSection(ExtensibilityGlobals) = postSolution
		SolutionGuid = {25450FF4-5E25-459D-AA68-0B12270E979A}
	EndGlobalSection
EndGlobal
